# This file is generated by running "yarn install" inside your project.
# Manual changes might be lost - proceed with caution!

__metadata:
  version: 5
  cacheKey: 8

"@types/debug@npm:^4.1.5":
  version: 4.1.5
  resolution: "@types/debug@npm:4.1.5"
  checksum: 36bdb74909be193aeeb8c9bb64ef45d691f35181dcf75285728ec1e07103cb91042be2e8294f0624fc5922d9b4f68482faf5ea3068288577ebdccee76cd7870c
  languageName: node
  linkType: hard

"@types/node@npm:*":
  version: 14.14.35
  resolution: "@types/node@npm:14.14.35"
  checksum: 6d6e428b6c504ede62e63dddf83439d3f10b3b283132172f7c3b1ef49b4f499afcfd2e4601e3019074b2dd140ee109a9b63bbd6a18a089c89e45108fa8d5b1ee
  languageName: node
  linkType: hard

"@types/ws@npm:^7.4.0":
  version: 7.4.0
  resolution: "@types/ws@npm:7.4.0"
  dependencies:
    "@types/node": "*"
  checksum: afc0060614ccc9382e0e2900220088bedbbdf9cf828b03990bcca9c9c0167bd2aa8b59cd001419ea804e5cc3b1668cc0c6c4aeb60f63c2a36814bed3f0d20528
  languageName: node
  linkType: hard

"axios@npm:^0.21.1":
  version: 0.21.1
  resolution: "axios@npm:0.21.1"
  dependencies:
    follow-redirects: ^1.10.0
  checksum: c87915fa0b18c15c63350112b6b3563a3e2ae524d7707de0a73d2e065e0d30c5d3da8563037bc29d4cc1b7424b5a350cb7274fa52525c6c04a615fe561c6ab11
  languageName: node
  linkType: hard

"debug@npm:^4.3.1":
  version: 4.3.1
  resolution: "debug@npm:4.3.1"
  dependencies:
    ms: 2.1.2
  peerDependenciesMeta:
    supports-color:
      optional: true
  checksum: 2c3352e37d5c46b0d203317cd45ea0e26b2c99f2d9dfec8b128e6ceba90dfb65425f5331bf3020fe9929d7da8c16758e737f4f3bfc0fce6b8b3d503bae03298b
  languageName: node
  linkType: hard

"dotenv@npm:^8.2.0":
  version: 8.2.0
  resolution: "dotenv@npm:8.2.0"
  checksum: ad4c8e0df3e24b4811c8e93377d048a10a9b213dcd9f062483b4a2d3168f08f10ec9c618c23f5639060d230ccdb174c08761479e9baa29610aa978e1ee66df76
  languageName: node
  linkType: hard

"eventemitter3@npm:^4.0.7":
  version: 4.0.7
  resolution: "eventemitter3@npm:4.0.7"
  checksum: 1875311c42fcfe9c707b2712c32664a245629b42bb0a5a84439762dd0fd637fc54d078155ea83c2af9e0323c9ac13687e03cfba79b03af9f40c89b4960099374
  languageName: node
  linkType: hard

"follow-redirects@npm:^1.10.0":
  version: 1.13.3
  resolution: "follow-redirects@npm:1.13.3"
  peerDependenciesMeta:
    debug:
      optional: true
  checksum: 4b5aaa91a0f938547a083d001a572da4d6b7586b699f330da8794ae2cf8b0d8628bcde794f9b205fbe6c6dcab30272454e723aed8f5540bf47a41fa8c7e36441
  languageName: node
  linkType: hard

"isomorphic-ws@npm:^4.0.1":
  version: 4.0.1
  resolution: "isomorphic-ws@npm:4.0.1"
  peerDependencies:
    ws: "*"
  checksum: d7190eadefdc28bdb93d67b5f0c603385aaf87724fa2974abb382ac1ec9756ed2cfb27065cbe76122879c2d452e2982bc4314317f3d6c737ddda6c047328771a
  languageName: node
  linkType: hard

"ms@npm:2.1.2":
  version: 2.1.2
  resolution: "ms@npm:2.1.2"
  checksum: 673cdb2c3133eb050c745908d8ce632ed2c02d85640e2edb3ace856a2266a813b30c613569bf3354fdf4ea7d1a1494add3bfa95e2713baa27d0c2c71fc44f58f
  languageName: node
  linkType: hard

"sactivity@workspace:.":
  version: 0.0.0-use.local
  resolution: "sactivity@workspace:."
  dependencies:
    "@types/debug": ^4.1.5
    "@types/ws": ^7.4.0
    axios: ^0.21.1
    debug: ^4.3.1
    dotenv: ^8.2.0
    eventemitter3: ^4.0.7
    isomorphic-ws: ^4.0.1
    strict-event-emitter-types: ^2.0.0
    typescript: ^4.2.3
    ws: ^7.4.4
  languageName: unknown
  linkType: soft

"strict-event-emitter-types@npm:^2.0.0":
  version: 2.0.0
  resolution: "strict-event-emitter-types@npm:2.0.0"
  checksum: 91ef62364cad9ece9ab9984e806b1c6d947d0617437a25605fff0cbfae59ac6a8d641257a168c1d5f2909809a467c714f027fdccb70b6155d68eac0dc1535299
  languageName: node
  linkType: hard

"typescript@npm:^4.2.3":
  version: 4.2.3
  resolution: "typescript@npm:4.2.3"
  bin:
    tsc: bin/tsc
    tsserver: bin/tsserver
  checksum: b4a2020c021211184ac15caf59936b2089c13e79685f340a31aaa839c9de2f73b44a5e3757292de6cdad2ed967aef80d4592161b814cc29c0570f261850c4bca
  languageName: node
  linkType: hard

"typescript@patch:typescript@^4.2.3#~builtin<compat/typescript>":
  version: 4.2.3
  resolution: "typescript@patch:typescript@npm%3A4.2.3#~builtin<compat/typescript>::version=4.2.3&hash=493e53"
  bin:
    tsc: bin/tsc
    tsserver: bin/tsserver
  checksum: f97b1f885444f13c340127a0918b17d0c4e5c248f99203a22712b3b43d7129c9c7b95437e4f1de99edf79d3046fa9e15356fb5d27d9d94e47a98158c8b18fda5
  languageName: node
  linkType: hard

"ws@npm:^7.4.4":
  version: 7.4.4
  resolution: "ws@npm:7.4.4"
  peerDependencies:
    bufferutil: ^4.0.1
    utf-8-validate: ^5.0.2
  peerDependenciesMeta:
    bufferutil:
      optional: true
    utf-8-validate:
      optional: true
  checksum: a0dd15af5270652d18e6fe866d393d43d4378f7c883dbbd01789a664abd6b763c5be7151ba987973eca4a93a249afbe4a2b53458cd7200e04bde457b7a3a4e1a
  languageName: node
  linkType: hard
